
Microsoft Visual Studio Solution File, Format Version 12.00
# Visual Studio Version 17
VisualStudioVersion = 17.5.002.0
MinimumVisualStudioVersion = 10.0.40219.1
Project("{FAE04EC0-301F-11D3-BF4B-00C04F79EFBC}") = "EH_QOL_No_Quest_Lockout", "EH_QOL_No_Quest_Lockout\EH_QOL_No_Quest_Lockout.csproj", "{4430D07D-2FD0-4D63-9B88-0C014E748068}"
EndProject
Global
	GlobalSection(SolutionConfigurationPlatforms) = preSolution
		Debug|Any CPU = Debug|Any CPU
		Release|Any CPU = Release|Any CPU
	EndGlobalSection
	GlobalSection(ProjectConfigurationPlatforms) = postSolution
		{3546B8BD-95A2-49D2-B36C-12370D421974}.Debug|Any CPU.ActiveCfg = Debug|Any CPU
		{3546B8BD-95A2-49D2-B36C-12370D421974}.Debug|Any CPU.Build.0 = Debug|Any CPU
		{3546B8BD-95A2-49D2-B36C-12370D421974}.Release|Any CPU.ActiveCfg = Release|Any CPU
		{3546B8BD-95A2-49D2-B36C-12370D421974}.Release|Any CPU.Build.0 = Release|Any CPU
		{4430D07D-2FD0-4D63-9B88-0C014E748068}.Debug|Any CPU.ActiveCfg = Debug|Any CPU
		{4430D07D-2FD0-4D63-9B88-0C014E748068}.Debug|Any CPU.Build.0 = Debug|Any CPU
		{4430D07D-2FD0-4D63-9B88-0C014E748068}.Release|Any CPU.ActiveCfg = Release|Any CPU
		{4430D07D-2FD0-4D63-9B88-0C014E748068}.Release|Any CPU.Build.0 = Release|Any CPU
	EndGlobalSection
	GlobalSection(SolutionProperties) = preSolution
		HideSolutionNode = FALSE
	EndGlobalSection
	GlobalSection(ExtensibilityGlobals) = postSolution
		SolutionGuid = {CC17EEDE-5CF7-4435-99BA-B676C3555337}
	EndGlobalSection
EndGlobal
